
Microsoft Visual Studio Solution File, Format Version 12.00
# Visual Studio 15
VisualStudioVersion = 15.0.27130.2027
MinimumVisualStudioVersion = 10.0.40219.1
Project("{FAE04EC0-301F-11D3-BF4B-00C04F79EFBC}") = "AgentAssignment", "AgentAssignment\AgentAssignment.csproj", "{D223193E-7DC5-41D4-A1D3-A7D3C1199369}"
EndProject
Project("{FAE04EC0-301F-11D3-BF4B-00C04F79EFBC}") = "AgentAssignment2", "AgentAssignment2\AgentAssignment2.csproj", "{073383F3-FD81-453C-AE9B-265F1A1239C9}"
EndProject
Project("{FAE04EC0-301F-11D3-BF4B-00C04F79EFBC}") = "AgentAssignment3", "AgentAssignment3\AgentAssignment3.csproj", "{FA5BF9BF-E0F3-446F-955A-E281AB2B9C70}"
EndProject
Project("{FAE04EC0-301F-11D3-BF4B-00C04F79EFBC}") = "AgentAssignment4", "AgentAssignment4\AgentAssignment4.csproj", "{23E88446-3C97-4364-B57E-B4A434183D90}"
EndProject
Global
	GlobalSection(SolutionConfigurationPlatforms) = preSolution
		Debug|Any CPU = Debug|Any CPU
		Release|Any CPU = Release|Any CPU
	EndGlobalSection
	GlobalSection(ProjectConfigurationPlatforms) = postSolution
		{D223193E-7DC5-41D4-A1D3-A7D3C1199369}.Debug|Any CPU.ActiveCfg = Debug|Any CPU
		{D223193E-7DC5-41D4-A1D3-A7D3C1199369}.Debug|Any CPU.Build.0 = Debug|Any CPU
		{D223193E-7DC5-41D4-A1D3-A7D3C1199369}.Release|Any CPU.ActiveCfg = Release|Any CPU
		{D223193E-7DC5-41D4-A1D3-A7D3C1199369}.Release|Any CPU.Build.0 = Release|Any CPU
		{073383F3-FD81-453C-AE9B-265F1A1239C9}.Debug|Any CPU.ActiveCfg = Debug|Any CPU
		{073383F3-FD81-453C-AE9B-265F1A1239C9}.Debug|Any CPU.Build.0 = Debug|Any CPU
		{073383F3-FD81-453C-AE9B-265F1A1239C9}.Release|Any CPU.ActiveCfg = Release|Any CPU
		{073383F3-FD81-453C-AE9B-265F1A1239C9}.Release|Any CPU.Build.0 = Release|Any CPU
		{FA5BF9BF-E0F3-446F-955A-E281AB2B9C70}.Debug|Any CPU.ActiveCfg = Debug|Any CPU
		{FA5BF9BF-E0F3-446F-955A-E281AB2B9C70}.Debug|Any CPU.Build.0 = Debug|Any CPU
		{FA5BF9BF-E0F3-446F-955A-E281AB2B9C70}.Release|Any CPU.ActiveCfg = Release|Any CPU
		{FA5BF9BF-E0F3-446F-955A-E281AB2B9C70}.Release|Any CPU.Build.0 = Release|Any CPU
		{23E88446-3C97-4364-B57E-B4A434183D90}.Debug|Any CPU.ActiveCfg = Debug|Any CPU
		{23E88446-3C97-4364-B57E-B4A434183D90}.Debug|Any CPU.Build.0 = Debug|Any CPU
		{23E88446-3C97-4364-B57E-B4A434183D90}.Release|Any CPU.ActiveCfg = Release|Any CPU
		{23E88446-3C97-4364-B57E-B4A434183D90}.Release|Any CPU.Build.0 = Release|Any CPU
	EndGlobalSection
	GlobalSection(SolutionProperties) = preSolution
		HideSolutionNode = FALSE
	EndGlobalSection
	GlobalSection(ExtensibilityGlobals) = postSolution
		SolutionGuid = {D73FEAE2-0675-43C7-8C6E-D9F585E205BC}
	EndGlobalSection
EndGlobal
